
Microsoft Visual Studio Solution File, Format Version 12.00
# Visual Studio Version 17
VisualStudioVersion = 17.9.34728.123
MinimumVisualStudioVersion = 10.0.40219.1
Project("{FAE04EC0-301F-11D3-BF4B-00C04F79EFBC}") = "HealthCheck.Server", "HealthCheck.Server\HealthCheck.Server.csproj", "{32261CB2-D34D-4E80-8D4E-E6ED7598C071}"
EndProject
Project("{54A90642-561A-4BB1-A94E-469ADEE60C69}") = "healthcheck.client", "healthcheck.client\healthcheck.client.esproj", "{B52CA246-77C0-471F-9A9C-B5EE64E6C3B8}"
EndProject
Global
	GlobalSection(SolutionConfigurationPlatforms) = preSolution
		Debug|Any CPU = Debug|Any CPU
		Release|Any CPU = Release|Any CPU
	EndGlobalSection
	GlobalSection(ProjectConfigurationPlatforms) = postSolution
		{32261CB2-D34D-4E80-8D4E-E6ED7598C071}.Debug|Any CPU.ActiveCfg = Debug|Any CPU
		{32261CB2-D34D-4E80-8D4E-E6ED7598C071}.Debug|Any CPU.Build.0 = Debug|Any CPU
		{32261CB2-D34D-4E80-8D4E-E6ED7598C071}.Release|Any CPU.ActiveCfg = Release|Any CPU
		{32261CB2-D34D-4E80-8D4E-E6ED7598C071}.Release|Any CPU.Build.0 = Release|Any CPU
		{B52CA246-77C0-471F-9A9C-B5EE64E6C3B8}.Debug|Any CPU.ActiveCfg = Debug|Any CPU
		{B52CA246-77C0-471F-9A9C-B5EE64E6C3B8}.Debug|Any CPU.Build.0 = Debug|Any CPU
		{B52CA246-77C0-471F-9A9C-B5EE64E6C3B8}.Debug|Any CPU.Deploy.0 = Debug|Any CPU
		{B52CA246-77C0-471F-9A9C-B5EE64E6C3B8}.Release|Any CPU.ActiveCfg = Release|Any CPU
		{B52CA246-77C0-471F-9A9C-B5EE64E6C3B8}.Release|Any CPU.Build.0 = Release|Any CPU
		{B52CA246-77C0-471F-9A9C-B5EE64E6C3B8}.Release|Any CPU.Deploy.0 = Release|Any CPU
	EndGlobalSection
	GlobalSection(SolutionProperties) = preSolution
		HideSolutionNode = FALSE
	EndGlobalSection
	GlobalSection(ExtensibilityGlobals) = postSolution
		SolutionGuid = {A5A10039-E49F-4C98-BC3E-6BC066022DB0}
	EndGlobalSection
EndGlobal
